
Microsoft Visual Studio Solution File, Format Version 12.00
# Visual Studio Version 17
VisualStudioVersion = 17.5.33516.290
MinimumVisualStudioVersion = 10.0.40219.1
Project("{2150E333-8FDC-42A3-9474-1A3956D46DE8}") = "Doc", "Doc", "{8CE261C2-2C25-4E9C-80C4-3B677CA13864}"
EndProject
Project("{2150E333-8FDC-42A3-9474-1A3956D46DE8}") = "Src", "Src", "{B474946E-8D49-4333-824D-205B88487E84}"
EndProject
Project("{2150E333-8FDC-42A3-9474-1A3956D46DE8}") = "Test", "Test", "{168C38AB-9F54-4D35-BD82-E3CBB033F8A1}"
EndProject
Project("{2150E333-8FDC-42A3-9474-1A3956D46DE8}") = "Core", "Core", "{622ACD9E-06B0-4AE7-8EF9-99E15721288F}"
EndProject
Project("{2150E333-8FDC-42A3-9474-1A3956D46DE8}") = "Common", "Common", "{9A25DC90-D964-43B8-85C1-91763A4CB634}"
EndProject
Project("{2150E333-8FDC-42A3-9474-1A3956D46DE8}") = "Presentation", "Presentation", "{16E4F883-AA82-4193-9199-0FB33F6986FA}"
EndProject
Project("{2150E333-8FDC-42A3-9474-1A3956D46DE8}") = "Infrastructure", "Infrastructure", "{B4EE2C99-14FC-4AB7-A512-37C756BCE43B}"
EndProject
Project("{FAE04EC0-301F-11D3-BF4B-00C04F79EFBC}") = "Store.Domain", "Store.Domain\Store.Domain.csproj", "{7F6E8D64-57C4-4904-A1C7-D8CD2484DAF2}"
EndProject
Project("{FAE04EC0-301F-11D3-BF4B-00C04F79EFBC}") = "Store.Application", "Store.Application\Store.Application.csproj", "{9A8A0C3A-6F1C-4A6D-84FC-5D735226B27A}"
EndProject
Project("{FAE04EC0-301F-11D3-BF4B-00C04F79EFBC}") = "Store.Infrastructure", "Store.Infrastructure\Store.Infrastructure.csproj", "{C72C808C-39F5-4418-9840-581661BB5B4A}"
EndProject
Project("{FAE04EC0-301F-11D3-BF4B-00C04F79EFBC}") = "Store.Presistance", "Store.Presistance\Store.Presistance.csproj", "{27B8F408-FD6D-441B-9FF8-01900BD1D0E3}"
EndProject
Project("{FAE04EC0-301F-11D3-BF4B-00C04F79EFBC}") = "EndPoint.Site", "EndPoint.Site\EndPoint.Site.csproj", "{3C5AAA59-B11C-4BAD-ADC3-F67542CB3F29}"
EndProject
Project("{FAE04EC0-301F-11D3-BF4B-00C04F79EFBC}") = "Store.Common", "Store.Common\Store.Common.csproj", "{15449EDC-CF74-405E-8B16-7A1D2AD57386}"
EndProject
Global
	GlobalSection(SolutionConfigurationPlatforms) = preSolution
		Debug|Any CPU = Debug|Any CPU
		Release|Any CPU = Release|Any CPU
	EndGlobalSection
	GlobalSection(ProjectConfigurationPlatforms) = postSolution
		{7F6E8D64-57C4-4904-A1C7-D8CD2484DAF2}.Debug|Any CPU.ActiveCfg = Debug|Any CPU
		{7F6E8D64-57C4-4904-A1C7-D8CD2484DAF2}.Debug|Any CPU.Build.0 = Debug|Any CPU
		{7F6E8D64-57C4-4904-A1C7-D8CD2484DAF2}.Release|Any CPU.ActiveCfg = Release|Any CPU
		{7F6E8D64-57C4-4904-A1C7-D8CD2484DAF2}.Release|Any CPU.Build.0 = Release|Any CPU
		{9A8A0C3A-6F1C-4A6D-84FC-5D735226B27A}.Debug|Any CPU.ActiveCfg = Debug|Any CPU
		{9A8A0C3A-6F1C-4A6D-84FC-5D735226B27A}.Debug|Any CPU.Build.0 = Debug|Any CPU
		{9A8A0C3A-6F1C-4A6D-84FC-5D735226B27A}.Release|Any CPU.ActiveCfg = Release|Any CPU
		{9A8A0C3A-6F1C-4A6D-84FC-5D735226B27A}.Release|Any CPU.Build.0 = Release|Any CPU
		{C72C808C-39F5-4418-9840-581661BB5B4A}.Debug|Any CPU.ActiveCfg = Debug|Any CPU
		{C72C808C-39F5-4418-9840-581661BB5B4A}.Debug|Any CPU.Build.0 = Debug|Any CPU
		{C72C808C-39F5-4418-9840-581661BB5B4A}.Release|Any CPU.ActiveCfg = Release|Any CPU
		{C72C808C-39F5-4418-9840-581661BB5B4A}.Release|Any CPU.Build.0 = Release|Any CPU
		{27B8F408-FD6D-441B-9FF8-01900BD1D0E3}.Debug|Any CPU.ActiveCfg = Debug|Any CPU
		{27B8F408-FD6D-441B-9FF8-01900BD1D0E3}.Debug|Any CPU.Build.0 = Debug|Any CPU
		{27B8F408-FD6D-441B-9FF8-01900BD1D0E3}.Release|Any CPU.ActiveCfg = Release|Any CPU
		{27B8F408-FD6D-441B-9FF8-01900BD1D0E3}.Release|Any CPU.Build.0 = Release|Any CPU
		{3C5AAA59-B11C-4BAD-ADC3-F67542CB3F29}.Debug|Any CPU.ActiveCfg = Debug|Any CPU
		{3C5AAA59-B11C-4BAD-ADC3-F67542CB3F29}.Debug|Any CPU.Build.0 = Debug|Any CPU
		{3C5AAA59-B11C-4BAD-ADC3-F67542CB3F29}.Release|Any CPU.ActiveCfg = Release|Any CPU
		{3C5AAA59-B11C-4BAD-ADC3-F67542CB3F29}.Release|Any CPU.Build.0 = Release|Any CPU
		{15449EDC-CF74-405E-8B16-7A1D2AD57386}.Debug|Any CPU.ActiveCfg = Debug|Any CPU
		{15449EDC-CF74-405E-8B16-7A1D2AD57386}.Debug|Any CPU.Build.0 = Debug|Any CPU
		{15449EDC-CF74-405E-8B16-7A1D2AD57386}.Release|Any CPU.ActiveCfg = Release|Any CPU
		{15449EDC-CF74-405E-8B16-7A1D2AD57386}.Release|Any CPU.Build.0 = Release|Any CPU
	EndGlobalSection
	GlobalSection(SolutionProperties) = preSolution
		HideSolutionNode = FALSE
	EndGlobalSection
	GlobalSection(NestedProjects) = preSolution
		{622ACD9E-06B0-4AE7-8EF9-99E15721288F} = {B474946E-8D49-4333-824D-205B88487E84}
		{9A25DC90-D964-43B8-85C1-91763A4CB634} = {B474946E-8D49-4333-824D-205B88487E84}
		{16E4F883-AA82-4193-9199-0FB33F6986FA} = {B474946E-8D49-4333-824D-205B88487E84}
		{B4EE2C99-14FC-4AB7-A512-37C756BCE43B} = {B474946E-8D49-4333-824D-205B88487E84}
		{7F6E8D64-57C4-4904-A1C7-D8CD2484DAF2} = {622ACD9E-06B0-4AE7-8EF9-99E15721288F}
		{9A8A0C3A-6F1C-4A6D-84FC-5D735226B27A} = {622ACD9E-06B0-4AE7-8EF9-99E15721288F}
		{C72C808C-39F5-4418-9840-581661BB5B4A} = {B4EE2C99-14FC-4AB7-A512-37C756BCE43B}
		{27B8F408-FD6D-441B-9FF8-01900BD1D0E3} = {B4EE2C99-14FC-4AB7-A512-37C756BCE43B}
		{3C5AAA59-B11C-4BAD-ADC3-F67542CB3F29} = {16E4F883-AA82-4193-9199-0FB33F6986FA}
		{15449EDC-CF74-405E-8B16-7A1D2AD57386} = {9A25DC90-D964-43B8-85C1-91763A4CB634}
	EndGlobalSection
	GlobalSection(ExtensibilityGlobals) = postSolution
		SolutionGuid = {DD7CB9F3-E50D-4A78-B95B-B85866005B17}
	EndGlobalSection
EndGlobal
